// !$*UTF8*$!
{
	archiveVersion = 1;
	classes = {
	};
	objectVersion = 51;
	objects = {

/* Begin PBXBuildFile section */
		F433F5E5247F7ED200CAEE70 /* MenuListControllerRouter.swift in Sources */ = {isa = PBXBuildFile; fileRef = F433F5E4247F7ED200CAEE70 /* MenuListControllerRouter.swift */; };
		F433F5E7247F812A00CAEE70 /* NewsViewControllerRouter.swift in Sources */ = {isa = PBXBuildFile; fileRef = F433F5E6247F812A00CAEE70 /* NewsViewControllerRouter.swift */; };
		F433F5E9247F851F00CAEE70 /* EmergencyContactsViewControllerRouter.swift in Sources */ = {isa = PBXBuildFile; fileRef = F433F5E8247F851F00CAEE70 /* EmergencyContactsViewControllerRouter.swift */; };
		F433F5EB247F8B3900CAEE70 /* Screens.swift in Sources */ = {isa = PBXBuildFile; fileRef = F433F5EA247F8B3900CAEE70 /* Screens.swift */; };
		F433F5F3247F966E00CAEE70 /* NumbersUpdatesViewController.swift in Sources */ = {isa = PBXBuildFile; fileRef = F433F5F2247F966E00CAEE70 /* NumbersUpdatesViewController.swift */; };
		F433F5F5247F97CE00CAEE70 /* CountyDataModel.swift in Sources */ = {isa = PBXBuildFile; fileRef = F433F5F4247F97CE00CAEE70 /* CountyDataModel.swift */; };
		F433F5F8247F9A0500CAEE70 /* NumbersUpdatesViewControllerPresenter.swift in Sources */ = {isa = PBXBuildFile; fileRef = F433F5F7247F9A0500CAEE70 /* NumbersUpdatesViewControllerPresenter.swift */; };
		F433F5FA247F9A2300CAEE70 /* NumbersUpdatesInteractor.swift in Sources */ = {isa = PBXBuildFile; fileRef = F433F5F9247F9A2300CAEE70 /* NumbersUpdatesInteractor.swift */; };
		F433F5FE247F9C7A00CAEE70 /* CountryDataCell.swift in Sources */ = {isa = PBXBuildFile; fileRef = F433F5FC247F9C7A00CAEE70 /* CountryDataCell.swift */; };
		F433F5FF247F9C7A00CAEE70 /* CountryDataCell.xib in Resources */ = {isa = PBXBuildFile; fileRef = F433F5FD247F9C7A00CAEE70 /* CountryDataCell.xib */; };
		F433F601247FABB300CAEE70 /* NumbersUpdatesViewControllerRouter.swift in Sources */ = {isa = PBXBuildFile; fileRef = F433F600247FABB300CAEE70 /* NumbersUpdatesViewControllerRouter.swift */; };
		F433F603247FB10B00CAEE70 /* StatisticsAPIEnvironmentPath.swift in Sources */ = {isa = PBXBuildFile; fileRef = F433F602247FB10B00CAEE70 /* StatisticsAPIEnvironmentPath.swift */; };
		F454FD66247E5939004EF907 /* FontStyle.swift in Sources */ = {isa = PBXBuildFile; fileRef = F454FD65247E5939004EF907 /* FontStyle.swift */; };
		F4576D31247FF11600911916 /* CountryDetailsViewController.swift in Sources */ = {isa = PBXBuildFile; fileRef = F4576D30247FF11600911916 /* CountryDetailsViewController.swift */; };
		F4576D34247FF97D00911916 /* CounrtyDetailsCell.swift in Sources */ = {isa = PBXBuildFile; fileRef = F4576D32247FF97D00911916 /* CounrtyDetailsCell.swift */; };
		F4576D35247FF97D00911916 /* CounrtyDetailsCell.xib in Resources */ = {isa = PBXBuildFile; fileRef = F4576D33247FF97D00911916 /* CounrtyDetailsCell.xib */; };
		F4576D37247FFB6700911916 /* CountryDetailsViewControllerRouter.swift in Sources */ = {isa = PBXBuildFile; fileRef = F4576D36247FFB6700911916 /* CountryDetailsViewControllerRouter.swift */; };
		F4576D3A247FFB7600911916 /* CountryDetailsViewControllerPresenter.swift in Sources */ = {isa = PBXBuildFile; fileRef = F4576D39247FFB7600911916 /* CountryDetailsViewControllerPresenter.swift */; };
		F4576D3C248003AA00911916 /* CountryData.swift in Sources */ = {isa = PBXBuildFile; fileRef = F4576D3B248003AA00911916 /* CountryData.swift */; };
		F45E5A4A247D4A6F008891B6 /* NetworkManager.swift in Sources */ = {isa = PBXBuildFile; fileRef = F45E5A49247D4A6F008891B6 /* NetworkManager.swift */; };
		F45E5A4D247D4A76008891B6 /* HTTPMethod.swift in Sources */ = {isa = PBXBuildFile; fileRef = F45E5A4B247D4A76008891B6 /* HTTPMethod.swift */; };
		F45E5A4E247D4A76008891B6 /* APIResult.swift in Sources */ = {isa = PBXBuildFile; fileRef = F45E5A4C247D4A76008891B6 /* APIResult.swift */; };
		F45E5A51247D4A7E008891B6 /* EndPointRouter.swift in Sources */ = {isa = PBXBuildFile; fileRef = F45E5A4F247D4A7D008891B6 /* EndPointRouter.swift */; };
		F45E5A52247D4A7E008891B6 /* NewsAPIEnvironmentPath.swift in Sources */ = {isa = PBXBuildFile; fileRef = F45E5A50247D4A7E008891B6 /* NewsAPIEnvironmentPath.swift */; };
		F45E5A55247D4C99008891B6 /* Countries.swift in Sources */ = {isa = PBXBuildFile; fileRef = F45E5A54247D4C99008891B6 /* Countries.swift */; };
		F45E5A59247D4FFD008891B6 /* NewsModel.swift in Sources */ = {isa = PBXBuildFile; fileRef = F45E5A58247D4FFD008891B6 /* NewsModel.swift */; };
		F45E5A61247DFF8A008891B6 /* EmergencyContactsViewController.swift in Sources */ = {isa = PBXBuildFile; fileRef = F45E5A60247DFF8A008891B6 /* EmergencyContactsViewController.swift */; };
		F45E5A63247DFFF0008891B6 /* EmergencyContacts.swift in Sources */ = {isa = PBXBuildFile; fileRef = F45E5A62247DFFF0008891B6 /* EmergencyContacts.swift */; };
		F45E5A66247E1382008891B6 /* EmergencyContactsCell.swift in Sources */ = {isa = PBXBuildFile; fileRef = F45E5A64247E1382008891B6 /* EmergencyContactsCell.swift */; };
		F45E5A67247E1382008891B6 /* EmergencyContactsCell.xib in Resources */ = {isa = PBXBuildFile; fileRef = F45E5A65247E1382008891B6 /* EmergencyContactsCell.xib */; };
		F45E5A69247E1716008891B6 /* EmergencyContactsViewControllerPresenter.swift in Sources */ = {isa = PBXBuildFile; fileRef = F45E5A68247E1715008891B6 /* EmergencyContactsViewControllerPresenter.swift */; };
		F4A83A5F24813EF4004DBF7F /* InfectionMethodsViewController.swift in Sources */ = {isa = PBXBuildFile; fileRef = F4A83A5E24813EF4004DBF7F /* InfectionMethodsViewController.swift */; };
		F4A83A6324813F2C004DBF7F /* InfectionMethodCell.swift in Sources */ = {isa = PBXBuildFile; fileRef = F4A83A6124813F2C004DBF7F /* InfectionMethodCell.swift */; };
		F4A83A6424813F2C004DBF7F /* InfectionMethodCell.xib in Resources */ = {isa = PBXBuildFile; fileRef = F4A83A6224813F2C004DBF7F /* InfectionMethodCell.xib */; };
		F4A83A6724825A31004DBF7F /* COVID19TestViewController.swift in Sources */ = {isa = PBXBuildFile; fileRef = F4A83A6624825A31004DBF7F /* COVID19TestViewController.swift */; };
		F4A83A6B24825AA2004DBF7F /* MoreViewController.swift in Sources */ = {isa = PBXBuildFile; fileRef = F4A83A6A24825AA2004DBF7F /* MoreViewController.swift */; };
		F4A83A76248265F3004DBF7F /* PreventionTipsViewController.swift in Sources */ = {isa = PBXBuildFile; fileRef = F4A83A75248265F3004DBF7F /* PreventionTipsViewController.swift */; };
		F4AFAC5E24810F55000EB979 /* InfectionMethodsData.swift in Sources */ = {isa = PBXBuildFile; fileRef = F4AFAC5D24810F55000EB979 /* InfectionMethodsData.swift */; };
		F4BD11E2247A466E00740150 /* AppDelegate.swift in Sources */ = {isa = PBXBuildFile; fileRef = F4BD11E1247A466E00740150 /* AppDelegate.swift */; };
		F4BD11E6247A466E00740150 /* NewsViewController.swift in Sources */ = {isa = PBXBuildFile; fileRef = F4BD11E5247A466E00740150 /* NewsViewController.swift */; };
		F4BD11E9247A466E00740150 /* Main.storyboard in Resources */ = {isa = PBXBuildFile; fileRef = F4BD11E7247A466E00740150 /* Main.storyboard */; };
		F4BD11EE247A467000740150 /* LaunchScreen.storyboard in Resources */ = {isa = PBXBuildFile; fileRef = F4BD11EC247A467000740150 /* LaunchScreen.storyboard */; };
		F4BD11FB247BBF0300740150 /* Localizable.strings in Resources */ = {isa = PBXBuildFile; fileRef = F4BD11FD247BBF0300740150 /* Localizable.strings */; };
		F4BD1200247BBFEB00740150 /* LocalizationSystem.swift in Sources */ = {isa = PBXBuildFile; fileRef = F4BD11FF247BBFEB00740150 /* LocalizationSystem.swift */; };
		F4BD1210247BCE4A00740150 /* UIFont+Extension.swift in Sources */ = {isa = PBXBuildFile; fileRef = F4BD120F247BCE4A00740150 /* UIFont+Extension.swift */; };
		F4BD121C247CA9C600740150 /* Assets.xcassets in Resources */ = {isa = PBXBuildFile; fileRef = F4BD121B247CA9C600740150 /* Assets.xcassets */; };
		F4BD1220247CAA5400740150 /* Colors.xcassets in Resources */ = {isa = PBXBuildFile; fileRef = F4BD121F247CAA5400740150 /* Colors.xcassets */; };
		F4C2BA63247CC4DD00844D4E /* MenuListController.swift in Sources */ = {isa = PBXBuildFile; fileRef = F4C2BA62247CC4DD00844D4E /* MenuListController.swift */; };
		F4C2BA69247CDAA000844D4E /* BaseViewController.swift in Sources */ = {isa = PBXBuildFile; fileRef = F4C2BA68247CDAA000844D4E /* BaseViewController.swift */; };
		F4C2BA6C247CE33000844D4E /* SideMenuItems.swift in Sources */ = {isa = PBXBuildFile; fileRef = F4C2BA6B247CE33000844D4E /* SideMenuItems.swift */; };
		F4C2BA6E247CF43C00844D4E /* MenuListControllerPresenter.swift in Sources */ = {isa = PBXBuildFile; fileRef = F4C2BA6D247CF43C00844D4E /* MenuListControllerPresenter.swift */; };
		F4C2BA72247CF66D00844D4E /* SideMenuCell.swift in Sources */ = {isa = PBXBuildFile; fileRef = F4C2BA70247CF66D00844D4E /* SideMenuCell.swift */; };
		F4C2BA73247CF66D00844D4E /* SideMenuCell.xib in Resources */ = {isa = PBXBuildFile; fileRef = F4C2BA71247CF66D00844D4E /* SideMenuCell.xib */; };
		F4C2BA77247D100B00844D4E /* UIViewExtension.swift in Sources */ = {isa = PBXBuildFile; fileRef = F4C2BA76247D100B00844D4E /* UIViewExtension.swift */; };
		F4C2BA82247D3E4D00844D4E /* NewsCell.swift in Sources */ = {isa = PBXBuildFile; fileRef = F4C2BA80247D3E4D00844D4E /* NewsCell.swift */; };
		F4C2BA83247D3E4D00844D4E /* NewsCell.xib in Resources */ = {isa = PBXBuildFile; fileRef = F4C2BA81247D3E4D00844D4E /* NewsCell.xib */; };
		F4C2BA86247D3FA100844D4E /* .swiftlint.yml in Resources */ = {isa = PBXBuildFile; fileRef = F4C2BA85247D3FA100844D4E /* .swiftlint.yml */; };
		F4C2BA88247D45CC00844D4E /* NewsViewControllerPresenter.swift in Sources */ = {isa = PBXBuildFile; fileRef = F4C2BA87247D45CC00844D4E /* NewsViewControllerPresenter.swift */; };
		F4C2BA8A247D46FC00844D4E /* NewsInteractor.swift in Sources */ = {isa = PBXBuildFile; fileRef = F4C2BA89247D46FC00844D4E /* NewsInteractor.swift */; };
		F4ED7FE8247E69EC00DCA13B /* UIColor+Extension.swift in Sources */ = {isa = PBXBuildFile; fileRef = F4ED7FE7247E69EC00DCA13B /* UIColor+Extension.swift */; };
		F4EEFBC0247CB23300B1FA31 /* Cairo-Black.ttf in Resources */ = {isa = PBXBuildFile; fileRef = F4EEFBBA247CB23300B1FA31 /* Cairo-Black.ttf */; };
		F4EEFBC1247CB23300B1FA31 /* Cairo-Regular.ttf in Resources */ = {isa = PBXBuildFile; fileRef = F4EEFBBB247CB23300B1FA31 /* Cairo-Regular.ttf */; };
		F4EEFBC2247CB23300B1FA31 /* Cairo-SemiBold.ttf in Resources */ = {isa = PBXBuildFile; fileRef = F4EEFBBC247CB23300B1FA31 /* Cairo-SemiBold.ttf */; };
		F4EEFBC3247CB23300B1FA31 /* Cairo-ExtraLight.ttf in Resources */ = {isa = PBXBuildFile; fileRef = F4EEFBBD247CB23300B1FA31 /* Cairo-ExtraLight.ttf */; };
		F4EEFBC4247CB23300B1FA31 /* Cairo-Bold.ttf in Resources */ = {isa = PBXBuildFile; fileRef = F4EEFBBE247CB23300B1FA31 /* Cairo-Bold.ttf */; };
		F4EEFBC5247CB23300B1FA31 /* Cairo-Light.ttf in Resources */ = {isa = PBXBuildFile; fileRef = F4EEFBBF247CB23300B1FA31 /* Cairo-Light.ttf */; };
		F59A99E2897959C0EFB4BA5B /* Pods_Corona_EG.framework in Frameworks */ = {isa = PBXBuildFile; fileRef = 3CC6EBBAFDB0F301A31E45A6 /* Pods_Corona_EG.framework */; };
/* End PBXBuildFile section */

/* Begin PBXFileReference section */
		3CC6EBBAFDB0F301A31E45A6 /* Pods_Corona_EG.framework */ = {isa = PBXFileReference; explicitFileType = wrapper.framework; includeInIndex = 0; path = Pods_Corona_EG.framework; sourceTree = BUILT_PRODUCTS_DIR; };
		80F1B199FC02FFE0D54E692E /* Pods-Corona-EG.debug.xcconfig */ = {isa = PBXFileReference; includeInIndex = 1; lastKnownFileType = text.xcconfig; name = "Pods-Corona-EG.debug.xcconfig"; path = "Target Support Files/Pods-Corona-EG/Pods-Corona-EG.debug.xcconfig"; sourceTree = "<group>"; };
		87C22201B692E8B20702E32C /* Pods-Corona-EG.release.xcconfig */ = {isa = PBXFileReference; includeInIndex = 1; lastKnownFileType = text.xcconfig; name = "Pods-Corona-EG.release.xcconfig"; path = "Target Support Files/Pods-Corona-EG/Pods-Corona-EG.release.xcconfig"; sourceTree = "<group>"; };
		F433F5E4247F7ED200CAEE70 /* MenuListControllerRouter.swift */ = {isa = PBXFileReference; lastKnownFileType = sourcecode.swift; path = MenuListControllerRouter.swift; sourceTree = "<group>"; };
		F433F5E6247F812A00CAEE70 /* NewsViewControllerRouter.swift */ = {isa = PBXFileReference; lastKnownFileType = sourcecode.swift; path = NewsViewControllerRouter.swift; sourceTree = "<group>"; };
		F433F5E8247F851F00CAEE70 /* EmergencyContactsViewControllerRouter.swift */ = {isa = PBXFileReference; lastKnownFileType = sourcecode.swift; path = EmergencyContactsViewControllerRouter.swift; sourceTree = "<group>"; };
		F433F5EA247F8B3900CAEE70 /* Screens.swift */ = {isa = PBXFileReference; lastKnownFileType = sourcecode.swift; path = Screens.swift; sourceTree = "<group>"; };
		F433F5F2247F966E00CAEE70 /* NumbersUpdatesViewController.swift */ = {isa = PBXFileReference; lastKnownFileType = sourcecode.swift; path = NumbersUpdatesViewController.swift; sourceTree = "<group>"; };
		F433F5F4247F97CE00CAEE70 /* CountyDataModel.swift */ = {isa = PBXFileReference; lastKnownFileType = sourcecode.swift; path = CountyDataModel.swift; sourceTree = "<group>"; };
		F433F5F7247F9A0500CAEE70 /* NumbersUpdatesViewControllerPresenter.swift */ = {isa = PBXFileReference; lastKnownFileType = sourcecode.swift; path = NumbersUpdatesViewControllerPresenter.swift; sourceTree = "<group>"; };
		F433F5F9247F9A2300CAEE70 /* NumbersUpdatesInteractor.swift */ = {isa = PBXFileReference; lastKnownFileType = sourcecode.swift; path = NumbersUpdatesInteractor.swift; sourceTree = "<group>"; };
		F433F5FC247F9C7A00CAEE70 /* CountryDataCell.swift */ = {isa = PBXFileReference; lastKnownFileType = sourcecode.swift; path = CountryDataCell.swift; sourceTree = "<group>"; };
		F433F5FD247F9C7A00CAEE70 /* CountryDataCell.xib */ = {isa = PBXFileReference; lastKnownFileType = file.xib; path = CountryDataCell.xib; sourceTree = "<group>"; };
		F433F600247FABB300CAEE70 /* NumbersUpdatesViewControllerRouter.swift */ = {isa = PBXFileReference; lastKnownFileType = sourcecode.swift; path = NumbersUpdatesViewControllerRouter.swift; sourceTree = "<group>"; };
		F433F602247FB10B00CAEE70 /* StatisticsAPIEnvironmentPath.swift */ = {isa = PBXFileReference; lastKnownFileType = sourcecode.swift; path = StatisticsAPIEnvironmentPath.swift; sourceTree = "<group>"; };
		F454FD65247E5939004EF907 /* FontStyle.swift */ = {isa = PBXFileReference; lastKnownFileType = sourcecode.swift; path = FontStyle.swift; sourceTree = "<group>"; };
		F4576D30247FF11600911916 /* CountryDetailsViewController.swift */ = {isa = PBXFileReference; lastKnownFileType = sourcecode.swift; path = CountryDetailsViewController.swift; sourceTree = "<group>"; };
		F4576D32247FF97D00911916 /* CounrtyDetailsCell.swift */ = {isa = PBXFileReference; lastKnownFileType = sourcecode.swift; path = CounrtyDetailsCell.swift; sourceTree = "<group>"; };
		F4576D33247FF97D00911916 /* CounrtyDetailsCell.xib */ = {isa = PBXFileReference; lastKnownFileType = file.xib; path = CounrtyDetailsCell.xib; sourceTree = "<group>"; };
		F4576D36247FFB6700911916 /* CountryDetailsViewControllerRouter.swift */ = {isa = PBXFileReference; lastKnownFileType = sourcecode.swift; path = CountryDetailsViewControllerRouter.swift; sourceTree = "<group>"; };
		F4576D39247FFB7600911916 /* CountryDetailsViewControllerPresenter.swift */ = {isa = PBXFileReference; lastKnownFileType = sourcecode.swift; path = CountryDetailsViewControllerPresenter.swift; sourceTree = "<group>"; };
		F4576D3B248003AA00911916 /* CountryData.swift */ = {isa = PBXFileReference; lastKnownFileType = sourcecode.swift; path = CountryData.swift; sourceTree = "<group>"; };
		F45E5A49247D4A6F008891B6 /* NetworkManager.swift */ = {isa = PBXFileReference; fileEncoding = 4; lastKnownFileType = sourcecode.swift; path = NetworkManager.swift; sourceTree = "<group>"; };
		F45E5A4B247D4A76008891B6 /* HTTPMethod.swift */ = {isa = PBXFileReference; fileEncoding = 4; lastKnownFileType = sourcecode.swift; path = HTTPMethod.swift; sourceTree = "<group>"; };
		F45E5A4C247D4A76008891B6 /* APIResult.swift */ = {isa = PBXFileReference; fileEncoding = 4; lastKnownFileType = sourcecode.swift; path = APIResult.swift; sourceTree = "<group>"; };
		F45E5A4F247D4A7D008891B6 /* EndPointRouter.swift */ = {isa = PBXFileReference; fileEncoding = 4; lastKnownFileType = sourcecode.swift; path = EndPointRouter.swift; sourceTree = "<group>"; };
		F45E5A50247D4A7E008891B6 /* NewsAPIEnvironmentPath.swift */ = {isa = PBXFileReference; fileEncoding = 4; lastKnownFileType = sourcecode.swift; path = NewsAPIEnvironmentPath.swift; sourceTree = "<group>"; };
		F45E5A54247D4C99008891B6 /* Countries.swift */ = {isa = PBXFileReference; lastKnownFileType = sourcecode.swift; path = Countries.swift; sourceTree = "<group>"; };
		F45E5A58247D4FFD008891B6 /* NewsModel.swift */ = {isa = PBXFileReference; lastKnownFileType = sourcecode.swift; path = NewsModel.swift; sourceTree = "<group>"; };
		F45E5A60247DFF8A008891B6 /* EmergencyContactsViewController.swift */ = {isa = PBXFileReference; lastKnownFileType = sourcecode.swift; path = EmergencyContactsViewController.swift; sourceTree = "<group>"; };
		F45E5A62247DFFF0008891B6 /* EmergencyContacts.swift */ = {isa = PBXFileReference; lastKnownFileType = sourcecode.swift; path = EmergencyContacts.swift; sourceTree = "<group>"; };
		F45E5A64247E1382008891B6 /* EmergencyContactsCell.swift */ = {isa = PBXFileReference; lastKnownFileType = sourcecode.swift; path = EmergencyContactsCell.swift; sourceTree = "<group>"; };
		F45E5A65247E1382008891B6 /* EmergencyContactsCell.xib */ = {isa = PBXFileReference; lastKnownFileType = file.xib; path = EmergencyContactsCell.xib; sourceTree = "<group>"; };
		F45E5A68247E1715008891B6 /* EmergencyContactsViewControllerPresenter.swift */ = {isa = PBXFileReference; lastKnownFileType = sourcecode.swift; path = EmergencyContactsViewControllerPresenter.swift; sourceTree = "<group>"; };
		F4A83A5E24813EF4004DBF7F /* InfectionMethodsViewController.swift */ = {isa = PBXFileReference; lastKnownFileType = sourcecode.swift; path = InfectionMethodsViewController.swift; sourceTree = "<group>"; };
		F4A83A6124813F2C004DBF7F /* InfectionMethodCell.swift */ = {isa = PBXFileReference; lastKnownFileType = sourcecode.swift; path = InfectionMethodCell.swift; sourceTree = "<group>"; };
		F4A83A6224813F2C004DBF7F /* InfectionMethodCell.xib */ = {isa = PBXFileReference; lastKnownFileType = file.xib; path = InfectionMethodCell.xib; sourceTree = "<group>"; };
		F4A83A6624825A31004DBF7F /* COVID19TestViewController.swift */ = {isa = PBXFileReference; lastKnownFileType = sourcecode.swift; path = COVID19TestViewController.swift; sourceTree = "<group>"; };
		F4A83A6A24825AA2004DBF7F /* MoreViewController.swift */ = {isa = PBXFileReference; lastKnownFileType = sourcecode.swift; path = MoreViewController.swift; sourceTree = "<group>"; };
		F4A83A75248265F3004DBF7F /* PreventionTipsViewController.swift */ = {isa = PBXFileReference; lastKnownFileType = sourcecode.swift; path = PreventionTipsViewController.swift; sourceTree = "<group>"; };
		F4AFAC5D24810F55000EB979 /* InfectionMethodsData.swift */ = {isa = PBXFileReference; lastKnownFileType = sourcecode.swift; path = InfectionMethodsData.swift; sourceTree = "<group>"; };
		F4BD11DE247A466E00740150 /* Corona EG.app */ = {isa = PBXFileReference; explicitFileType = wrapper.application; includeInIndex = 0; path = "Corona EG.app"; sourceTree = BUILT_PRODUCTS_DIR; };
		F4BD11E1247A466E00740150 /* AppDelegate.swift */ = {isa = PBXFileReference; lastKnownFileType = sourcecode.swift; path = AppDelegate.swift; sourceTree = "<group>"; };
		F4BD11E5247A466E00740150 /* NewsViewController.swift */ = {isa = PBXFileReference; lastKnownFileType = sourcecode.swift; path = NewsViewController.swift; sourceTree = "<group>"; };
		F4BD11E8247A466E00740150 /* Base */ = {isa = PBXFileReference; lastKnownFileType = file.storyboard; name = Base; path = Base.lproj/Main.storyboard; sourceTree = "<group>"; };
		F4BD11ED247A467000740150 /* Base */ = {isa = PBXFileReference; lastKnownFileType = file.storyboard; name = Base; path = Base.lproj/LaunchScreen.storyboard; sourceTree = "<group>"; };
		F4BD11EF247A467000740150 /* Info.plist */ = {isa = PBXFileReference; lastKnownFileType = text.plist.xml; path = Info.plist; sourceTree = "<group>"; };
		F4BD11F7247BBE9500740150 /* ar */ = {isa = PBXFileReference; lastKnownFileType = text.plist.strings; name = ar; path = ar.lproj/Main.strings; sourceTree = "<group>"; };
		F4BD11F8247BBE9500740150 /* ar */ = {isa = PBXFileReference; lastKnownFileType = text.plist.strings; name = ar; path = ar.lproj/LaunchScreen.strings; sourceTree = "<group>"; };
		F4BD11FC247BBF0300740150 /* ar */ = {isa = PBXFileReference; lastKnownFileType = text.plist.strings; name = ar; path = ar.lproj/Localizable.strings; sourceTree = "<group>"; };
		F4BD11FE247BBF0A00740150 /* en */ = {isa = PBXFileReference; lastKnownFileType = text.plist.strings; name = en; path = en.lproj/Localizable.strings; sourceTree = "<group>"; };
		F4BD11FF247BBFEB00740150 /* LocalizationSystem.swift */ = {isa = PBXFileReference; fileEncoding = 4; lastKnownFileType = sourcecode.swift; path = LocalizationSystem.swift; sourceTree = "<group>"; };
		F4BD120F247BCE4A00740150 /* UIFont+Extension.swift */ = {isa = PBXFileReference; lastKnownFileType = sourcecode.swift; path = "UIFont+Extension.swift"; sourceTree = "<group>"; };
		F4BD121B247CA9C600740150 /* Assets.xcassets */ = {isa = PBXFileReference; lastKnownFileType = folder.assetcatalog; path = Assets.xcassets; sourceTree = "<group>"; };
		F4BD121F247CAA5400740150 /* Colors.xcassets */ = {isa = PBXFileReference; lastKnownFileType = folder.assetcatalog; path = Colors.xcassets; sourceTree = "<group>"; };
		F4C2BA62247CC4DD00844D4E /* MenuListController.swift */ = {isa = PBXFileReference; lastKnownFileType = sourcecode.swift; path = MenuListController.swift; sourceTree = "<group>"; };
		F4C2BA68247CDAA000844D4E /* BaseViewController.swift */ = {isa = PBXFileReference; lastKnownFileType = sourcecode.swift; path = BaseViewController.swift; sourceTree = "<group>"; };
		F4C2BA6B247CE33000844D4E /* SideMenuItems.swift */ = {isa = PBXFileReference; lastKnownFileType = sourcecode.swift; path = SideMenuItems.swift; sourceTree = "<group>"; };
		F4C2BA6D247CF43C00844D4E /* MenuListControllerPresenter.swift */ = {isa = PBXFileReference; lastKnownFileType = sourcecode.swift; path = MenuListControllerPresenter.swift; sourceTree = "<group>"; };
		F4C2BA70247CF66D00844D4E /* SideMenuCell.swift */ = {isa = PBXFileReference; lastKnownFileType = sourcecode.swift; path = SideMenuCell.swift; sourceTree = "<group>"; };
		F4C2BA71247CF66D00844D4E /* SideMenuCell.xib */ = {isa = PBXFileReference; lastKnownFileType = file.xib; path = SideMenuCell.xib; sourceTree = "<group>"; };
		F4C2BA76247D100B00844D4E /* UIViewExtension.swift */ = {isa = PBXFileReference; fileEncoding = 4; lastKnownFileType = sourcecode.swift; path = UIViewExtension.swift; sourceTree = "<group>"; };
		F4C2BA80247D3E4D00844D4E /* NewsCell.swift */ = {isa = PBXFileReference; lastKnownFileType = sourcecode.swift; path = NewsCell.swift; sourceTree = "<group>"; };
		F4C2BA81247D3E4D00844D4E /* NewsCell.xib */ = {isa = PBXFileReference; lastKnownFileType = file.xib; path = NewsCell.xib; sourceTree = "<group>"; };
		F4C2BA85247D3FA100844D4E /* .swiftlint.yml */ = {isa = PBXFileReference; fileEncoding = 4; lastKnownFileType = text.yaml; path = .swiftlint.yml; sourceTree = "<group>"; };
		F4C2BA87247D45CC00844D4E /* NewsViewControllerPresenter.swift */ = {isa = PBXFileReference; lastKnownFileType = sourcecode.swift; path = NewsViewControllerPresenter.swift; sourceTree = "<group>"; };
		F4C2BA89247D46FC00844D4E /* NewsInteractor.swift */ = {isa = PBXFileReference; lastKnownFileType = sourcecode.swift; path = NewsInteractor.swift; sourceTree = "<group>"; };
		F4ED7FE7247E69EC00DCA13B /* UIColor+Extension.swift */ = {isa = PBXFileReference; lastKnownFileType = sourcecode.swift; path = "UIColor+Extension.swift"; sourceTree = "<group>"; };
		F4EEFBBA247CB23300B1FA31 /* Cairo-Black.ttf */ = {isa = PBXFileReference; lastKnownFileType = file; path = "Cairo-Black.ttf"; sourceTree = "<group>"; };
		F4EEFBBB247CB23300B1FA31 /* Cairo-Regular.ttf */ = {isa = PBXFileReference; lastKnownFileType = file; path = "Cairo-Regular.ttf"; sourceTree = "<group>"; };
		F4EEFBBC247CB23300B1FA31 /* Cairo-SemiBold.ttf */ = {isa = PBXFileReference; lastKnownFileType = file; path = "Cairo-SemiBold.ttf"; sourceTree = "<group>"; };
		F4EEFBBD247CB23300B1FA31 /* Cairo-ExtraLight.ttf */ = {isa = PBXFileReference; lastKnownFileType = file; path = "Cairo-ExtraLight.ttf"; sourceTree = "<group>"; };
		F4EEFBBE247CB23300B1FA31 /* Cairo-Bold.ttf */ = {isa = PBXFileReference; lastKnownFileType = file; path = "Cairo-Bold.ttf"; sourceTree = "<group>"; };
		F4EEFBBF247CB23300B1FA31 /* Cairo-Light.ttf */ = {isa = PBXFileReference; lastKnownFileType = file; path = "Cairo-Light.ttf"; sourceTree = "<group>"; };
/* End PBXFileReference section */

/* Begin PBXFrameworksBuildPhase section */
		F4BD11DB247A466E00740150 /* Frameworks */ = {
			isa = PBXFrameworksBuildPhase;
			buildActionMask = 2147483647;
			files = (
				F59A99E2897959C0EFB4BA5B /* Pods_Corona_EG.framework in Frameworks */,
			);
			runOnlyForDeploymentPostprocessing = 0;
		};
/* End PBXFrameworksBuildPhase section */

/* Begin PBXGroup section */
		017FDA4869D1FC61AD20D624 /* Pods */ = {
			isa = PBXGroup;
			children = (
				80F1B199FC02FFE0D54E692E /* Pods-Corona-EG.debug.xcconfig */,
				87C22201B692E8B20702E32C /* Pods-Corona-EG.release.xcconfig */,
			);
			path = Pods;
			sourceTree = "<group>";
		};
		DAD7E4EE212074100276F7FB /* Frameworks */ = {
			isa = PBXGroup;
			children = (
				3CC6EBBAFDB0F301A31E45A6 /* Pods_Corona_EG.framework */,
			);
			name = Frameworks;
			sourceTree = "<group>";
		};
		F433F5E3247F7E4200CAEE70 /* Router */ = {
			isa = PBXGroup;
			children = (
				F433F5E4247F7ED200CAEE70 /* MenuListControllerRouter.swift */,
			);
			path = Router;
			sourceTree = "<group>";
		};
		F433F5EE247F947C00CAEE70 /* NumbersUpdates */ = {
			isa = PBXGroup;
			children = (
				F433F5EF247F948F00CAEE70 /* Router */,
				F433F5F6247F99EB00CAEE70 /* Interactor */,
				F433F5F1247F94B100CAEE70 /* Presenter */,
				F433F5FB247F9C3900CAEE70 /* CollectionViewCell */,
				F433F5F0247F949500CAEE70 /* ViewController */,
			);
			path = NumbersUpdates;
			sourceTree = "<group>";
		};
		F433F5EF247F948F00CAEE70 /* Router */ = {
			isa = PBXGroup;
			children = (
				F433F600247FABB300CAEE70 /* NumbersUpdatesViewControllerRouter.swift */,
			);
			path = Router;
			sourceTree = "<group>";
		};
		F433F5F0247F949500CAEE70 /* ViewController */ = {
			isa = PBXGroup;
			children = (
				F433F5F2247F966E00CAEE70 /* NumbersUpdatesViewController.swift */,
			);
			path = ViewController;
			sourceTree = "<group>";
		};
		F433F5F1247F94B100CAEE70 /* Presenter */ = {
			isa = PBXGroup;
			children = (
				F433F5F7247F9A0500CAEE70 /* NumbersUpdatesViewControllerPresenter.swift */,
			);
			path = Presenter;
			sourceTree = "<group>";
		};
		F433F5F6247F99EB00CAEE70 /* Interactor */ = {
			isa = PBXGroup;
			children = (
				F433F5F9247F9A2300CAEE70 /* NumbersUpdatesInteractor.swift */,
			);
			path = Interactor;
			sourceTree = "<group>";
		};
		F433F5FB247F9C3900CAEE70 /* CollectionViewCell */ = {
			isa = PBXGroup;
			children = (
				F433F5FC247F9C7A00CAEE70 /* CountryDataCell.swift */,
				F433F5FD247F9C7A00CAEE70 /* CountryDataCell.xib */,
			);
			path = CollectionViewCell;
			sourceTree = "<group>";
		};
		F433F604247FB16000CAEE70 /* NewsAPI */ = {
			isa = PBXGroup;
			children = (
				F45E5A50247D4A7E008891B6 /* NewsAPIEnvironmentPath.swift */,
			);
			path = NewsAPI;
			sourceTree = "<group>";
		};
		F433F605247FB16900CAEE70 /* StatisticsAPI */ = {
			isa = PBXGroup;
			children = (
				F433F602247FB10B00CAEE70 /* StatisticsAPIEnvironmentPath.swift */,
			);
			path = StatisticsAPI;
			sourceTree = "<group>";
		};
		F4576D2B247FE5D600911916 /* CountryDetailsScreen */ = {
			isa = PBXGroup;
			children = (
				F4576D2F247FE69200911916 /* Router */,
				F4576D2E247FE68900911916 /* Presenter */,
				F4576D2D247FE5EE00911916 /* TableViewCell */,
				F4576D2C247FE5E700911916 /* ViewController */,
			);
			path = CountryDetailsScreen;
			sourceTree = "<group>";
		};
		F4576D2C247FE5E700911916 /* ViewController */ = {
			isa = PBXGroup;
			children = (
				F4576D30247FF11600911916 /* CountryDetailsViewController.swift */,
			);
			path = ViewController;
			sourceTree = "<group>";
		};
		F4576D2D247FE5EE00911916 /* TableViewCell */ = {
			isa = PBXGroup;
			children = (
				F4576D32247FF97D00911916 /* CounrtyDetailsCell.swift */,
				F4576D33247FF97D00911916 /* CounrtyDetailsCell.xib */,
			);
			path = TableViewCell;
			sourceTree = "<group>";
		};
		F4576D2E247FE68900911916 /* Presenter */ = {
			isa = PBXGroup;
			children = (
				F4576D39247FFB7600911916 /* CountryDetailsViewControllerPresenter.swift */,
			);
			path = Presenter;
			sourceTree = "<group>";
		};
		F4576D2F247FE69200911916 /* Router */ = {
			isa = PBXGroup;
			children = (
				F4576D36247FFB6700911916 /* CountryDetailsViewControllerRouter.swift */,
			);
			path = Router;
			sourceTree = "<group>";
		};
		F45E5A47247D4A52008891B6 /* Networking */ = {
			isa = PBXGroup;
			children = (
				F45E5A57247D4FD1008891B6 /* Managers */,
				F45E5A48247D4A59008891B6 /* Entities */,
			);
			path = Networking;
			sourceTree = "<group>";
		};
		F45E5A48247D4A59008891B6 /* Entities */ = {
			isa = PBXGroup;
			children = (
				F45E5A4C247D4A76008891B6 /* APIResult.swift */,
				F45E5A4B247D4A76008891B6 /* HTTPMethod.swift */,
			);
			path = Entities;
			sourceTree = "<group>";
		};
		F45E5A53247D4C8A008891B6 /* Enums */ = {
			isa = PBXGroup;
			children = (
				F45E5A54247D4C99008891B6 /* Countries.swift */,
				F454FD65247E5939004EF907 /* FontStyle.swift */,
				F433F5EA247F8B3900CAEE70 /* Screens.swift */,
			);
			path = Enums;
			sourceTree = "<group>";
		};
		F45E5A56247D4F8A008891B6 /* API */ = {
			isa = PBXGroup;
			children = (
				F45E5A4F247D4A7D008891B6 /* EndPointRouter.swift */,
				F433F604247FB16000CAEE70 /* NewsAPI */,
				F433F605247FB16900CAEE70 /* StatisticsAPI */,
			);
			path = API;
			sourceTree = "<group>";
		};
		F45E5A57247D4FD1008891B6 /* Managers */ = {
			isa = PBXGroup;
			children = (
				F45E5A49247D4A6F008891B6 /* NetworkManager.swift */,
			);
			path = Managers;
			sourceTree = "<group>";
		};
		F45E5A5B247DFF11008891B6 /* EmergencyContacts */ = {
			isa = PBXGroup;
			children = (
				F45E5A5C247DFF3E008891B6 /* Router */,
				F45E5A5D247DFF43008891B6 /* Presenter */,
				F45E5A5F247DFF59008891B6 /* TableViewCell */,
				F45E5A5E247DFF4E008891B6 /* ViewController */,
			);
			path = EmergencyContacts;
			sourceTree = "<group>";
		};
		F45E5A5C247DFF3E008891B6 /* Router */ = {
			isa = PBXGroup;
			children = (
				F433F5E8247F851F00CAEE70 /* EmergencyContactsViewControllerRouter.swift */,
			);
			path = Router;
			sourceTree = "<group>";
		};
		F45E5A5D247DFF43008891B6 /* Presenter */ = {
			isa = PBXGroup;
			children = (
				F45E5A68247E1715008891B6 /* EmergencyContactsViewControllerPresenter.swift */,
			);
			path = Presenter;
			sourceTree = "<group>";
		};
		F45E5A5E247DFF4E008891B6 /* ViewController */ = {
			isa = PBXGroup;
			children = (
				F45E5A60247DFF8A008891B6 /* EmergencyContactsViewController.swift */,
			);
			path = ViewController;
			sourceTree = "<group>";
		};
		F45E5A5F247DFF59008891B6 /* TableViewCell */ = {
			isa = PBXGroup;
			children = (
				F45E5A64247E1382008891B6 /* EmergencyContactsCell.swift */,
				F45E5A65247E1382008891B6 /* EmergencyContactsCell.xib */,
			);
			path = TableViewCell;
			sourceTree = "<group>";
		};
		F4A83A5C24813E84004DBF7F /* InfectionMethods */ = {
			isa = PBXGroup;
			children = (
				F4A83A7224826247004DBF7F /* Router */,
				F4A83A7124826243004DBF7F /* Presenter */,
				F4A83A6024813F05004DBF7F /* TableViewCell */,
				F4A83A5D24813E92004DBF7F /* ViewController */,
			);
			path = InfectionMethods;
			sourceTree = "<group>";
		};
		F4A83A5D24813E92004DBF7F /* ViewController */ = {
			isa = PBXGroup;
			children = (
				F4A83A5E24813EF4004DBF7F /* InfectionMethodsViewController.swift */,
			);
			path = ViewController;
			sourceTree = "<group>";
		};
		F4A83A6024813F05004DBF7F /* TableViewCell */ = {
			isa = PBXGroup;
			children = (
				F4A83A6124813F2C004DBF7F /* InfectionMethodCell.swift */,
				F4A83A6224813F2C004DBF7F /* InfectionMethodCell.xib */,
			);
			path = TableViewCell;
			sourceTree = "<group>";
		};
		F4A83A6524825A12004DBF7F /* ViewController */ = {
			isa = PBXGroup;
			children = (
				F4A83A6624825A31004DBF7F /* COVID19TestViewController.swift */,
			);
			path = ViewController;
			sourceTree = "<group>";
		};
		F4A83A6824825A8A004DBF7F /* More */ = {
			isa = PBXGroup;
			children = (
				F4A83A742482629D004DBF7F /* Router */,
				F4A83A7324826287004DBF7F /* Presenter */,
				F4A83A6924825A8E004DBF7F /* ViewController */,
			);
			path = More;
			sourceTree = "<group>";
		};
		F4A83A6924825A8E004DBF7F /* ViewController */ = {
			isa = PBXGroup;
			children = (
				F4A83A6A24825AA2004DBF7F /* MoreViewController.swift */,
			);
			path = ViewController;
			sourceTree = "<group>";
		};
		F4A83A6C24826168004DBF7F /* PreventionTips */ = {
			isa = PBXGroup;
			children = (
				F4A83A70248261F9004DBF7F /* Router */,
				F4A83A6F248261F3004DBF7F /* Presenter */,
				F4A83A6E24826196004DBF7F /* TableViewCell */,
				F4A83A6D2482618F004DBF7F /* ViewController */,
			);
			path = PreventionTips;
			sourceTree = "<group>";
		};
		F4A83A6D2482618F004DBF7F /* ViewController */ = {
			isa = PBXGroup;
			children = (
				F4A83A75248265F3004DBF7F /* PreventionTipsViewController.swift */,
			);
			path = ViewController;
			sourceTree = "<group>";
		};
		F4A83A6E24826196004DBF7F /* TableViewCell */ = {
			isa = PBXGroup;
			children = (
			);
			path = TableViewCell;
			sourceTree = "<group>";
		};
		F4A83A6F248261F3004DBF7F /* Presenter */ = {
			isa = PBXGroup;
			children = (
			);
			path = Presenter;
			sourceTree = "<group>";
		};
		F4A83A70248261F9004DBF7F /* Router */ = {
			isa = PBXGroup;
			children = (
			);
			path = Router;
			sourceTree = "<group>";
		};
		F4A83A7124826243004DBF7F /* Presenter */ = {
			isa = PBXGroup;
			children = (
			);
			path = Presenter;
			sourceTree = "<group>";
		};
		F4A83A7224826247004DBF7F /* Router */ = {
			isa = PBXGroup;
			children = (
			);
			path = Router;
			sourceTree = "<group>";
		};
		F4A83A7324826287004DBF7F /* Presenter */ = {
			isa = PBXGroup;
			children = (
			);
			path = Presenter;
			sourceTree = "<group>";
		};
		F4A83A742482629D004DBF7F /* Router */ = {
			isa = PBXGroup;
			children = (
			);
			path = Router;
			sourceTree = "<group>";
		};
		F4AFAC562480D57B000EB979 /* COVID19Test */ = {
			isa = PBXGroup;
			children = (
				F4A83A6524825A12004DBF7F /* ViewController */,
			);
			path = COVID19Test;
			sourceTree = "<group>";
		};
		F4BD11D5247A466D00740150 = {
			isa = PBXGroup;
			children = (
				F4C2BA85247D3FA100844D4E /* .swiftlint.yml */,
				F4BD11E0247A466E00740150 /* Corona-EG */,
				F4BD11DF247A466E00740150 /* Products */,
				017FDA4869D1FC61AD20D624 /* Pods */,
				DAD7E4EE212074100276F7FB /* Frameworks */,
			);
			sourceTree = "<group>";
		};
		F4BD11DF247A466E00740150 /* Products */ = {
			isa = PBXGroup;
			children = (
				F4BD11DE247A466E00740150 /* Corona EG.app */,
			);
			name = Products;
			sourceTree = "<group>";
		};
		F4BD11E0247A466E00740150 /* Corona-EG */ = {
			isa = PBXGroup;
			children = (
				F4C2BA74247D0AE100844D4E /* SideMenu */,
				F45E5A47247D4A52008891B6 /* Networking */,
				F4BD120E247BCE2A00740150 /* Helpers */,
				F4BD1206247BC6F200740150 /* Storyboards */,
				F4BD1204247BC6D200740150 /* Models */,
				F4BD1205247BC6DF00740150 /* Scenes */,
				F4BD120A247BC81A00740150 /* Resources */,
				F4BD1203247BC6C900740150 /* Configuration */,
			);
			path = "Corona-EG";
			sourceTree = "<group>";
		};
		F4BD1201247BC66200740150 /* Localization */ = {
			isa = PBXGroup;
			children = (
				F4BD11FF247BBFEB00740150 /* LocalizationSystem.swift */,
				F4BD11FD247BBF0300740150 /* Localizable.strings */,
			);
			path = Localization;
			sourceTree = "<group>";
		};
		F4BD1202247BC6C200740150 /* Assets */ = {
			isa = PBXGroup;
			children = (
				F4EEFBC6247CB76800B1FA31 /* Fonts */,
				F4BD121B247CA9C600740150 /* Assets.xcassets */,
				F4BD121F247CAA5400740150 /* Colors.xcassets */,
			);
			path = Assets;
			sourceTree = "<group>";
		};
		F4BD1203247BC6C900740150 /* Configuration */ = {
			isa = PBXGroup;
			children = (
				F4BD11EF247A467000740150 /* Info.plist */,
			);
			path = Configuration;
			sourceTree = "<group>";
		};
		F4BD1204247BC6D200740150 /* Models */ = {
			isa = PBXGroup;
			children = (
				F4C2BA6B247CE33000844D4E /* SideMenuItems.swift */,
				F45E5A58247D4FFD008891B6 /* NewsModel.swift */,
				F45E5A62247DFFF0008891B6 /* EmergencyContacts.swift */,
				F433F5F4247F97CE00CAEE70 /* CountyDataModel.swift */,
				F4576D3B248003AA00911916 /* CountryData.swift */,
				F4AFAC5D24810F55000EB979 /* InfectionMethodsData.swift */,
			);
			path = Models;
			sourceTree = "<group>";
		};
		F4BD1205247BC6DF00740150 /* Scenes */ = {
			isa = PBXGroup;
			children = (
				F4A83A6C24826168004DBF7F /* PreventionTips */,
				F4C2BA6A247CE2DA00844D4E /* Base */,
				F4BD1207247BC7BD00740150 /* News */,
				F433F5EE247F947C00CAEE70 /* NumbersUpdates */,
				F4576D2B247FE5D600911916 /* CountryDetailsScreen */,
				F4AFAC562480D57B000EB979 /* COVID19Test */,
				F4A83A6824825A8A004DBF7F /* More */,
				F4A83A5C24813E84004DBF7F /* InfectionMethods */,
				F45E5A5B247DFF11008891B6 /* EmergencyContacts */,
			);
			path = Scenes;
			sourceTree = "<group>";
		};
		F4BD1206247BC6F200740150 /* Storyboards */ = {
			isa = PBXGroup;
			children = (
				F4BD11E7247A466E00740150 /* Main.storyboard */,
			);
			path = Storyboards;
			sourceTree = "<group>";
		};
		F4BD1207247BC7BD00740150 /* News */ = {
			isa = PBXGroup;
			children = (
				F4C2BA7B247D3A6000844D4E /* Router */,
				F4C2BA79247D3A4B00844D4E /* Interactor */,
				F4C2BA7A247D3A5700844D4E /* Presenter */,
				F4C2BA78247D3A2600844D4E /* TableViewCell */,
				F4BD1208247BC7C000740150 /* ViewController */,
			);
			path = News;
			sourceTree = "<group>";
		};
		F4BD1208247BC7C000740150 /* ViewController */ = {
			isa = PBXGroup;
			children = (
				F4BD11E5247A466E00740150 /* NewsViewController.swift */,
			);
			path = ViewController;
			sourceTree = "<group>";
		};
		F4BD1209247BC7C800740150 /* Presenter */ = {
			isa = PBXGroup;
			children = (
				F4C2BA6D247CF43C00844D4E /* MenuListControllerPresenter.swift */,
			);
			path = Presenter;
			sourceTree = "<group>";
		};
		F4BD120A247BC81A00740150 /* Resources */ = {
			isa = PBXGroup;
			children = (
				F4BD1201247BC66200740150 /* Localization */,
				F4EEFBC7247CB79600B1FA31 /* Application */,
				F4BD1202247BC6C200740150 /* Assets */,
			);
			path = Resources;
			sourceTree = "<group>";
		};
		F4BD120B247BCBA200740150 /* Cairo */ = {
			isa = PBXGroup;
			children = (
				F4EEFBBA247CB23300B1FA31 /* Cairo-Black.ttf */,
				F4EEFBBE247CB23300B1FA31 /* Cairo-Bold.ttf */,
				F4EEFBBD247CB23300B1FA31 /* Cairo-ExtraLight.ttf */,
				F4EEFBBF247CB23300B1FA31 /* Cairo-Light.ttf */,
				F4EEFBBB247CB23300B1FA31 /* Cairo-Regular.ttf */,
				F4EEFBBC247CB23300B1FA31 /* Cairo-SemiBold.ttf */,
			);
			path = Cairo;
			sourceTree = "<group>";
		};
		F4BD120E247BCE2A00740150 /* Helpers */ = {
			isa = PBXGroup;
			children = (
				F45E5A56247D4F8A008891B6 /* API */,
				F45E5A53247D4C8A008891B6 /* Enums */,
				F4BD1211247BCECE00740150 /* Extensions */,
			);
			path = Helpers;
			sourceTree = "<group>";
		};
		F4BD1211247BCECE00740150 /* Extensions */ = {
			isa = PBXGroup;
			children = (
				F4C2BA76247D100B00844D4E /* UIViewExtension.swift */,
				F4BD120F247BCE4A00740150 /* UIFont+Extension.swift */,
				F4ED7FE7247E69EC00DCA13B /* UIColor+Extension.swift */,
			);
			path = Extensions;
			sourceTree = "<group>";
		};
		F4C2BA61247CC4AE00844D4E /* TableViewController */ = {
			isa = PBXGroup;
			children = (
				F4C2BA62247CC4DD00844D4E /* MenuListController.swift */,
			);
			path = TableViewController;
			sourceTree = "<group>";
		};
		F4C2BA6A247CE2DA00844D4E /* Base */ = {
			isa = PBXGroup;
			children = (
				F4C2BA68247CDAA000844D4E /* BaseViewController.swift */,
			);
			path = Base;
			sourceTree = "<group>";
		};
		F4C2BA6F247CF65200844D4E /* TableViewCell */ = {
			isa = PBXGroup;
			children = (
				F4C2BA70247CF66D00844D4E /* SideMenuCell.swift */,
				F4C2BA71247CF66D00844D4E /* SideMenuCell.xib */,
			);
			path = TableViewCell;
			sourceTree = "<group>";
		};
		F4C2BA74247D0AE100844D4E /* SideMenu */ = {
			isa = PBXGroup;
			children = (
				F433F5E3247F7E4200CAEE70 /* Router */,
				F4BD1209247BC7C800740150 /* Presenter */,
				F4C2BA6F247CF65200844D4E /* TableViewCell */,
				F4C2BA61247CC4AE00844D4E /* TableViewController */,
			);
			path = SideMenu;
			sourceTree = "<group>";
		};
		F4C2BA78247D3A2600844D4E /* TableViewCell */ = {
			isa = PBXGroup;
			children = (
				F4C2BA80247D3E4D00844D4E /* NewsCell.swift */,
				F4C2BA81247D3E4D00844D4E /* NewsCell.xib */,
			);
			path = TableViewCell;
			sourceTree = "<group>";
		};
		F4C2BA79247D3A4B00844D4E /* Interactor */ = {
			isa = PBXGroup;
			children = (
				F4C2BA89247D46FC00844D4E /* NewsInteractor.swift */,
			);
			path = Interactor;
			sourceTree = "<group>";
		};
		F4C2BA7A247D3A5700844D4E /* Presenter */ = {
			isa = PBXGroup;
			children = (
				F4C2BA87247D45CC00844D4E /* NewsViewControllerPresenter.swift */,
			);
			path = Presenter;
			sourceTree = "<group>";
		};
		F4C2BA7B247D3A6000844D4E /* Router */ = {
			isa = PBXGroup;
			children = (
				F433F5E6247F812A00CAEE70 /* NewsViewControllerRouter.swift */,
			);
			path = Router;
			sourceTree = "<group>";
		};
		F4EEFBC6247CB76800B1FA31 /* Fonts */ = {
			isa = PBXGroup;
			children = (
				F4BD120B247BCBA200740150 /* Cairo */,
			);
			path = Fonts;
			sourceTree = "<group>";
		};
		F4EEFBC7247CB79600B1FA31 /* Application */ = {
			isa = PBXGroup;
			children = (
				F4BD11E1247A466E00740150 /* AppDelegate.swift */,
				F4BD11EC247A467000740150 /* LaunchScreen.storyboard */,
			);
			path = Application;
			sourceTree = "<group>";
		};
/* End PBXGroup section */

/* Begin PBXNativeTarget section */
		F4BD11DD247A466E00740150 /* Corona-EG */ = {
			isa = PBXNativeTarget;
			buildConfigurationList = F4BD11F2247A467000740150 /* Build configuration list for PBXNativeTarget "Corona-EG" */;
			buildPhases = (
				C57150CC7332748B4B781BC8 /* [CP] Check Pods Manifest.lock */,
				F4BD11DA247A466E00740150 /* Sources */,
				F4BD11DB247A466E00740150 /* Frameworks */,
				F4BD11DC247A466E00740150 /* Resources */,
				D7BC3FA88122E9C6D0D7123E /* [CP] Embed Pods Frameworks */,
				F4C2BA84247D3F6800844D4E /* ShellScript */,
			);
			buildRules = (
			);
			dependencies = (
			);
			name = "Corona-EG";
			productName = "Corona-EG";
			productReference = F4BD11DE247A466E00740150 /* Corona EG.app */;
			productType = "com.apple.product-type.application";
		};
/* End PBXNativeTarget section */

/* Begin PBXProject section */
		F4BD11D6247A466D00740150 /* Project object */ = {
			isa = PBXProject;
			attributes = {
				LastSwiftUpdateCheck = 1140;
				LastUpgradeCheck = 1140;
				ORGANIZATIONNAME = "Abdelrhman Eliwa";
				TargetAttributes = {
					F4BD11DD247A466E00740150 = {
						CreatedOnToolsVersion = 11.4.1;
					};
				};
			};
			buildConfigurationList = F4BD11D9247A466D00740150 /* Build configuration list for PBXProject "Corona-EG" */;
			compatibilityVersion = "Xcode 9.3";
			developmentRegion = en;
			hasScannedForEncodings = 0;
			knownRegions = (
				en,
				Base,
				ar,
			);
			mainGroup = F4BD11D5247A466D00740150;
			productRefGroup = F4BD11DF247A466E00740150 /* Products */;
			projectDirPath = "";
			projectRoot = "";
			targets = (
				F4BD11DD247A466E00740150 /* Corona-EG */,
			);
		};
/* End PBXProject section */

/* Begin PBXResourcesBuildPhase section */
		F4BD11DC247A466E00740150 /* Resources */ = {
			isa = PBXResourcesBuildPhase;
			buildActionMask = 2147483647;
			files = (
				F4BD11EE247A467000740150 /* LaunchScreen.storyboard in Resources */,
				F4EEFBC3247CB23300B1FA31 /* Cairo-ExtraLight.ttf in Resources */,
				F433F5FF247F9C7A00CAEE70 /* CountryDataCell.xib in Resources */,
				F4576D35247FF97D00911916 /* CounrtyDetailsCell.xib in Resources */,
				F4EEFBC4247CB23300B1FA31 /* Cairo-Bold.ttf in Resources */,
				F4EEFBC2247CB23300B1FA31 /* Cairo-SemiBold.ttf in Resources */,
				F4A83A6424813F2C004DBF7F /* InfectionMethodCell.xib in Resources */,
				F4EEFBC1247CB23300B1FA31 /* Cairo-Regular.ttf in Resources */,
				F4BD11FB247BBF0300740150 /* Localizable.strings in Resources */,
				F4BD11E9247A466E00740150 /* Main.storyboard in Resources */,
				F4BD121C247CA9C600740150 /* Assets.xcassets in Resources */,
				F4BD1220247CAA5400740150 /* Colors.xcassets in Resources */,
				F4C2BA83247D3E4D00844D4E /* NewsCell.xib in Resources */,
				F45E5A67247E1382008891B6 /* EmergencyContactsCell.xib in Resources */,
				F4C2BA86247D3FA100844D4E /* .swiftlint.yml in Resources */,
				F4EEFBC5247CB23300B1FA31 /* Cairo-Light.ttf in Resources */,
				F4EEFBC0247CB23300B1FA31 /* Cairo-Black.ttf in Resources */,
				F4C2BA73247CF66D00844D4E /* SideMenuCell.xib in Resources */,
			);
			runOnlyForDeploymentPostprocessing = 0;
		};
/* End PBXResourcesBuildPhase section */

/* Begin PBXShellScriptBuildPhase section */
		C57150CC7332748B4B781BC8 /* [CP] Check Pods Manifest.lock */ = {
			isa = PBXShellScriptBuildPhase;
			buildActionMask = 2147483647;
			files = (
			);
			inputFileListPaths = (
			);
			inputPaths = (
				"${PODS_PODFILE_DIR_PATH}/Podfile.lock",
				"${PODS_ROOT}/Manifest.lock",
			);
			name = "[CP] Check Pods Manifest.lock";
			outputFileListPaths = (
			);
			outputPaths = (
				"$(DERIVED_FILE_DIR)/Pods-Corona-EG-checkManifestLockResult.txt",
			);
			runOnlyForDeploymentPostprocessing = 0;
			shellPath = /bin/sh;
			shellScript = "diff \"${PODS_PODFILE_DIR_PATH}/Podfile.lock\" \"${PODS_ROOT}/Manifest.lock\" > /dev/null\nif [ $? != 0 ] ; then\n    # print error to STDERR\n    echo \"error: The sandbox is not in sync with the Podfile.lock. Run 'pod install' or update your CocoaPods installation.\" >&2\n    exit 1\nfi\n# This output is used by Xcode 'outputs' to avoid re-running this script phase.\necho \"SUCCESS\" > \"${SCRIPT_OUTPUT_FILE_0}\"\n";
			showEnvVarsInLog = 0;
		};
		D7BC3FA88122E9C6D0D7123E /* [CP] Embed Pods Frameworks */ = {
			isa = PBXShellScriptBuildPhase;
			buildActionMask = 2147483647;
			files = (
			);
			inputFileListPaths = (
				"${PODS_ROOT}/Target Support Files/Pods-Corona-EG/Pods-Corona-EG-frameworks-${CONFIGURATION}-input-files.xcfilelist",
			);
			name = "[CP] Embed Pods Frameworks";
			outputFileListPaths = (
				"${PODS_ROOT}/Target Support Files/Pods-Corona-EG/Pods-Corona-EG-frameworks-${CONFIGURATION}-output-files.xcfilelist",
			);
			runOnlyForDeploymentPostprocessing = 0;
			shellPath = /bin/sh;
			shellScript = "\"${PODS_ROOT}/Target Support Files/Pods-Corona-EG/Pods-Corona-EG-frameworks.sh\"\n";
			showEnvVarsInLog = 0;
		};
		F4C2BA84247D3F6800844D4E /* ShellScript */ = {
			isa = PBXShellScriptBuildPhase;
			buildActionMask = 2147483647;
			files = (
			);
			inputFileListPaths = (
			);
			inputPaths = (
			);
			outputFileListPaths = (
			);
			outputPaths = (
			);
			runOnlyForDeploymentPostprocessing = 0;
			shellPath = /bin/sh;
			shellScript = "# Type a script or drag a script file from your workspace to insert its path.\nif which swiftlint >/dev/null; then\n  swiftlint\nelse\n  echo \"warning: SwiftLint not installed, download from https://github.com/realm/SwiftLint\"\nfi\n";
		};
/* End PBXShellScriptBuildPhase section */

/* Begin PBXSourcesBuildPhase section */
		F4BD11DA247A466E00740150 /* Sources */ = {
			isa = PBXSourcesBuildPhase;
			buildActionMask = 2147483647;
			files = (
				F4576D31247FF11600911916 /* CountryDetailsViewController.swift in Sources */,
				F4C2BA88247D45CC00844D4E /* NewsViewControllerPresenter.swift in Sources */,
				F4576D34247FF97D00911916 /* CounrtyDetailsCell.swift in Sources */,
				F433F601247FABB300CAEE70 /* NumbersUpdatesViewControllerRouter.swift in Sources */,
				F45E5A52247D4A7E008891B6 /* NewsAPIEnvironmentPath.swift in Sources */,
				F4A83A5F24813EF4004DBF7F /* InfectionMethodsViewController.swift in Sources */,
				F4576D37247FFB6700911916 /* CountryDetailsViewControllerRouter.swift in Sources */,
				F4C2BA77247D100B00844D4E /* UIViewExtension.swift in Sources */,
				F433F5E5247F7ED200CAEE70 /* MenuListControllerRouter.swift in Sources */,
				F4ED7FE8247E69EC00DCA13B /* UIColor+Extension.swift in Sources */,
				F4BD11E6247A466E00740150 /* NewsViewController.swift in Sources */,
				F433F5E7247F812A00CAEE70 /* NewsViewControllerRouter.swift in Sources */,
				F45E5A59247D4FFD008891B6 /* NewsModel.swift in Sources */,
				F45E5A4E247D4A76008891B6 /* APIResult.swift in Sources */,
				F45E5A69247E1716008891B6 /* EmergencyContactsViewControllerPresenter.swift in Sources */,
				F433F5F8247F9A0500CAEE70 /* NumbersUpdatesViewControllerPresenter.swift in Sources */,
				F454FD66247E5939004EF907 /* FontStyle.swift in Sources */,
				F4576D3C248003AA00911916 /* CountryData.swift in Sources */,
				F433F5E9247F851F00CAEE70 /* EmergencyContactsViewControllerRouter.swift in Sources */,
				F4576D3A247FFB7600911916 /* CountryDetailsViewControllerPresenter.swift in Sources */,
				F4A83A6724825A31004DBF7F /* COVID19TestViewController.swift in Sources */,
				F4BD1200247BBFEB00740150 /* LocalizationSystem.swift in Sources */,
				F45E5A51247D4A7E008891B6 /* EndPointRouter.swift in Sources */,
				F4C2BA8A247D46FC00844D4E /* NewsInteractor.swift in Sources */,
				F4BD1210247BCE4A00740150 /* UIFont+Extension.swift in Sources */,
				F4C2BA6C247CE33000844D4E /* SideMenuItems.swift in Sources */,
				F433F5F3247F966E00CAEE70 /* NumbersUpdatesViewController.swift in Sources */,
				F4C2BA6E247CF43C00844D4E /* MenuListControllerPresenter.swift in Sources */,
				F45E5A63247DFFF0008891B6 /* EmergencyContacts.swift in Sources */,
				F45E5A4D247D4A76008891B6 /* HTTPMethod.swift in Sources */,
				F45E5A61247DFF8A008891B6 /* EmergencyContactsViewController.swift in Sources */,
				F4AFAC5E24810F55000EB979 /* InfectionMethodsData.swift in Sources */,
				F433F5EB247F8B3900CAEE70 /* Screens.swift in Sources */,
				F4C2BA72247CF66D00844D4E /* SideMenuCell.swift in Sources */,
				F4BD11E2247A466E00740150 /* AppDelegate.swift in Sources */,
				F45E5A4A247D4A6F008891B6 /* NetworkManager.swift in Sources */,
				F4A83A6B24825AA2004DBF7F /* MoreViewController.swift in Sources */,
				F4C2BA63247CC4DD00844D4E /* MenuListController.swift in Sources */,
				F4C2BA69247CDAA000844D4E /* BaseViewController.swift in Sources */,
				F433F5FE247F9C7A00CAEE70 /* CountryDataCell.swift in Sources */,
				F4A83A6324813F2C004DBF7F /* InfectionMethodCell.swift in Sources */,
				F433F5FA247F9A2300CAEE70 /* NumbersUpdatesInteractor.swift in Sources */,
				F45E5A66247E1382008891B6 /* EmergencyContactsCell.swift in Sources */,
				F433F5F5247F97CE00CAEE70 /* CountyDataModel.swift in Sources */,
				F45E5A55247D4C99008891B6 /* Countries.swift in Sources */,
				F4C2BA82247D3E4D00844D4E /* NewsCell.swift in Sources */,
				F4A83A76248265F3004DBF7F /* PreventionTipsViewController.swift in Sources */,
				F433F603247FB10B00CAEE70 /* StatisticsAPIEnvironmentPath.swift in Sources */,
			);
			runOnlyForDeploymentPostprocessing = 0;
		};
/* End PBXSourcesBuildPhase section */

/* Begin PBXVariantGroup section */
		F4BD11E7247A466E00740150 /* Main.storyboard */ = {
			isa = PBXVariantGroup;
			children = (
				F4BD11E8247A466E00740150 /* Base */,
				F4BD11F7247BBE9500740150 /* ar */,
			);
			name = Main.storyboard;
			sourceTree = "<group>";
		};
		F4BD11EC247A467000740150 /* LaunchScreen.storyboard */ = {
			isa = PBXVariantGroup;
			children = (
				F4BD11ED247A467000740150 /* Base */,
				F4BD11F8247BBE9500740150 /* ar */,
			);
			name = LaunchScreen.storyboard;
			sourceTree = "<group>";
		};
		F4BD11FD247BBF0300740150 /* Localizable.strings */ = {
			isa = PBXVariantGroup;
			children = (
				F4BD11FC247BBF0300740150 /* ar */,
				F4BD11FE247BBF0A00740150 /* en */,
			);
			name = Localizable.strings;
			sourceTree = "<group>";
		};
/* End PBXVariantGroup section */

/* Begin XCBuildConfiguration section */
		F4BD11F0247A467000740150 /* Debug */ = {
			isa = XCBuildConfiguration;
			buildSettings = {
				ALWAYS_SEARCH_USER_PATHS = NO;
				CLANG_ANALYZER_LOCALIZABILITY_NONLOCALIZED = YES;
				CLANG_ANALYZER_NONNULL = YES;
				CLANG_ANALYZER_NUMBER_OBJECT_CONVERSION = YES_AGGRESSIVE;
				CLANG_CXX_LANGUAGE_STANDARD = "gnu++14";
				CLANG_CXX_LIBRARY = "libc++";
				CLANG_ENABLE_MODULES = YES;
				CLANG_ENABLE_OBJC_ARC = YES;
				CLANG_ENABLE_OBJC_WEAK = YES;
				CLANG_WARN_BLOCK_CAPTURE_AUTORELEASING = YES;
				CLANG_WARN_BOOL_CONVERSION = YES;
				CLANG_WARN_COMMA = YES;
				CLANG_WARN_CONSTANT_CONVERSION = YES;
				CLANG_WARN_DEPRECATED_OBJC_IMPLEMENTATIONS = YES;
				CLANG_WARN_DIRECT_OBJC_ISA_USAGE = YES_ERROR;
				CLANG_WARN_DOCUMENTATION_COMMENTS = YES;
				CLANG_WARN_EMPTY_BODY = YES;
				CLANG_WARN_ENUM_CONVERSION = YES;
				CLANG_WARN_INFINITE_RECURSION = YES;
				CLANG_WARN_INT_CONVERSION = YES;
				CLANG_WARN_NON_LITERAL_NULL_CONVERSION = YES;
				CLANG_WARN_OBJC_IMPLICIT_RETAIN_SELF = YES;
				CLANG_WARN_OBJC_LITERAL_CONVERSION = YES;
				CLANG_WARN_OBJC_ROOT_CLASS = YES_ERROR;
				CLANG_WARN_RANGE_LOOP_ANALYSIS = YES;
				CLANG_WARN_STRICT_PROTOTYPES = YES;
				CLANG_WARN_SUSPICIOUS_MOVE = YES;
				CLANG_WARN_UNGUARDED_AVAILABILITY = YES_AGGRESSIVE;
				CLANG_WARN_UNREACHABLE_CODE = YES;
				CLANG_WARN__DUPLICATE_METHOD_MATCH = YES;
				COPY_PHASE_STRIP = NO;
				DEBUG_INFORMATION_FORMAT = dwarf;
				ENABLE_STRICT_OBJC_MSGSEND = YES;
				ENABLE_TESTABILITY = YES;
				GCC_C_LANGUAGE_STANDARD = gnu11;
				GCC_DYNAMIC_NO_PIC = NO;
				GCC_NO_COMMON_BLOCKS = YES;
				GCC_OPTIMIZATION_LEVEL = 0;
				GCC_PREPROCESSOR_DEFINITIONS = (
					"DEBUG=1",
					"$(inherited)",
				);
				GCC_WARN_64_TO_32_BIT_CONVERSION = YES;
				GCC_WARN_ABOUT_RETURN_TYPE = YES_ERROR;
				GCC_WARN_UNDECLARED_SELECTOR = YES;
				GCC_WARN_UNINITIALIZED_AUTOS = YES_AGGRESSIVE;
				GCC_WARN_UNUSED_FUNCTION = YES;
				GCC_WARN_UNUSED_VARIABLE = YES;
				IPHONEOS_DEPLOYMENT_TARGET = 13.4;
				MTL_ENABLE_DEBUG_INFO = INCLUDE_SOURCE;
				MTL_FAST_MATH = YES;
				ONLY_ACTIVE_ARCH = YES;
				SDKROOT = iphoneos;
				SWIFT_ACTIVE_COMPILATION_CONDITIONS = DEBUG;
				SWIFT_OPTIMIZATION_LEVEL = "-Onone";
			};
			name = Debug;
		};
		F4BD11F1247A467000740150 /* Release */ = {
			isa = XCBuildConfiguration;
			buildSettings = {
				ALWAYS_SEARCH_USER_PATHS = NO;
				CLANG_ANALYZER_LOCALIZABILITY_NONLOCALIZED = YES;
				CLANG_ANALYZER_NONNULL = YES;
				CLANG_ANALYZER_NUMBER_OBJECT_CONVERSION = YES_AGGRESSIVE;
				CLANG_CXX_LANGUAGE_STANDARD = "gnu++14";
				CLANG_CXX_LIBRARY = "libc++";
				CLANG_ENABLE_MODULES = YES;
				CLANG_ENABLE_OBJC_ARC = YES;
				CLANG_ENABLE_OBJC_WEAK = YES;
				CLANG_WARN_BLOCK_CAPTURE_AUTORELEASING = YES;
				CLANG_WARN_BOOL_CONVERSION = YES;
				CLANG_WARN_COMMA = YES;
				CLANG_WARN_CONSTANT_CONVERSION = YES;
				CLANG_WARN_DEPRECATED_OBJC_IMPLEMENTATIONS = YES;
				CLANG_WARN_DIRECT_OBJC_ISA_USAGE = YES_ERROR;
				CLANG_WARN_DOCUMENTATION_COMMENTS = YES;
				CLANG_WARN_EMPTY_BODY = YES;
				CLANG_WARN_ENUM_CONVERSION = YES;
				CLANG_WARN_INFINITE_RECURSION = YES;
				CLANG_WARN_INT_CONVERSION = YES;
				CLANG_WARN_NON_LITERAL_NULL_CONVERSION = YES;
				CLANG_WARN_OBJC_IMPLICIT_RETAIN_SELF = YES;
				CLANG_WARN_OBJC_LITERAL_CONVERSION = YES;
				CLANG_WARN_OBJC_ROOT_CLASS = YES_ERROR;
				CLANG_WARN_RANGE_LOOP_ANALYSIS = YES;
				CLANG_WARN_STRICT_PROTOTYPES = YES;
				CLANG_WARN_SUSPICIOUS_MOVE = YES;
				CLANG_WARN_UNGUARDED_AVAILABILITY = YES_AGGRESSIVE;
				CLANG_WARN_UNREACHABLE_CODE = YES;
				CLANG_WARN__DUPLICATE_METHOD_MATCH = YES;
				COPY_PHASE_STRIP = NO;
				DEBUG_INFORMATION_FORMAT = "dwarf-with-dsym";
				ENABLE_NS_ASSERTIONS = NO;
				ENABLE_STRICT_OBJC_MSGSEND = YES;
				GCC_C_LANGUAGE_STANDARD = gnu11;
				GCC_NO_COMMON_BLOCKS = YES;
				GCC_WARN_64_TO_32_BIT_CONVERSION = YES;
				GCC_WARN_ABOUT_RETURN_TYPE = YES_ERROR;
				GCC_WARN_UNDECLARED_SELECTOR = YES;
				GCC_WARN_UNINITIALIZED_AUTOS = YES_AGGRESSIVE;
				GCC_WARN_UNUSED_FUNCTION = YES;
				GCC_WARN_UNUSED_VARIABLE = YES;
				IPHONEOS_DEPLOYMENT_TARGET = 13.4;
				MTL_ENABLE_DEBUG_INFO = NO;
				MTL_FAST_MATH = YES;
				SDKROOT = iphoneos;
				SWIFT_COMPILATION_MODE = wholemodule;
				SWIFT_OPTIMIZATION_LEVEL = "-O";
				VALIDATE_PRODUCT = YES;
			};
			name = Release;
		};
		F4BD11F3247A467000740150 /* Debug */ = {
			isa = XCBuildConfiguration;
			baseConfigurationReference = 80F1B199FC02FFE0D54E692E /* Pods-Corona-EG.debug.xcconfig */;
			buildSettings = {
				ASSETCATALOG_COMPILER_APPICON_NAME = AppIcon;
				CODE_SIGN_STYLE = Automatic;
				DEVELOPMENT_TEAM = B39DQ9LWFN;
				INFOPLIST_FILE = "Corona-EG/Configuration/Info.plist";
				LD_RUNPATH_SEARCH_PATHS = (
					"$(inherited)",
					"@executable_path/Frameworks",
				);
				PRODUCT_BUNDLE_IDENTIFIER = "abdelrhmankamaleliwa.Corona-EG";
				PRODUCT_NAME = "Corona EG";
				SWIFT_VERSION = 5.0;
				TARGETED_DEVICE_FAMILY = "1,2";
			};
			name = Debug;
		};
		F4BD11F4247A467000740150 /* Release */ = {
			isa = XCBuildConfiguration;
			baseConfigurationReference = 87C22201B692E8B20702E32C /* Pods-Corona-EG.release.xcconfig */;
			buildSettings = {
				ASSETCATALOG_COMPILER_APPICON_NAME = AppIcon;
				CODE_SIGN_STYLE = Automatic;
				DEVELOPMENT_TEAM = B39DQ9LWFN;
				INFOPLIST_FILE = "Corona-EG/Configuration/Info.plist";
				LD_RUNPATH_SEARCH_PATHS = (
					"$(inherited)",
					"@executable_path/Frameworks",
				);
				PRODUCT_BUNDLE_IDENTIFIER = "abdelrhmankamaleliwa.Corona-EG";
				PRODUCT_NAME = "Corona EG";
				SWIFT_VERSION = 5.0;
				TARGETED_DEVICE_FAMILY = "1,2";
			};
			name = Release;
		};
/* End XCBuildConfiguration section */

/* Begin XCConfigurationList section */
		F4BD11D9247A466D00740150 /* Build configuration list for PBXProject "Corona-EG" */ = {
			isa = XCConfigurationList;
			buildConfigurations = (
				F4BD11F0247A467000740150 /* Debug */,
				F4BD11F1247A467000740150 /* Release */,
			);
			defaultConfigurationIsVisible = 0;
			defaultConfigurationName = Release;
		};
		F4BD11F2247A467000740150 /* Build configuration list for PBXNativeTarget "Corona-EG" */ = {
			isa = XCConfigurationList;
			buildConfigurations = (
				F4BD11F3247A467000740150 /* Debug */,
				F4BD11F4247A467000740150 /* Release */,
			);
			defaultConfigurationIsVisible = 0;
			defaultConfigurationName = Release;
		};
/* End XCConfigurationList section */
	};
	rootObject = F4BD11D6247A466D00740150 /* Project object */;
}
